
Microsoft Visual Studio Solution File, Format Version 12.00
# Visual Studio Version 16
VisualStudioVersion = 16.0.30717.126
MinimumVisualStudioVersion = 10.0.40219.1
Project("{FAE04EC0-301F-11D3-BF4B-00C04F79EFBC}") = "Array Total ChallengeLPB", "Array Total ChallengeLPB.csproj", "{EFFE8C39-AA2F-4DC6-89FC-9BDD51C21AD3}"
EndProject
Global
	GlobalSection(SolutionConfigurationPlatforms) = preSolution
		Debug|Any CPU = Debug|Any CPU
		Release|Any CPU = Release|Any CPU
	EndGlobalSection
	GlobalSection(ProjectConfigurationPlatforms) = postSolution
		{EFFE8C39-AA2F-4DC6-89FC-9BDD51C21AD3}.Debug|Any CPU.ActiveCfg = Debug|Any CPU
		{EFFE8C39-AA2F-4DC6-89FC-9BDD51C21AD3}.Debug|Any CPU.Build.0 = Debug|Any CPU
		{EFFE8C39-AA2F-4DC6-89FC-9BDD51C21AD3}.Release|Any CPU.ActiveCfg = Release|Any CPU
		{EFFE8C39-AA2F-4DC6-89FC-9BDD51C21AD3}.Release|Any CPU.Build.0 = Release|Any CPU
	EndGlobalSection
	GlobalSection(SolutionProperties) = preSolution
		HideSolutionNode = FALSE
	EndGlobalSection
	GlobalSection(ExtensibilityGlobals) = postSolution
		SolutionGuid = {25DB808A-775E-4CE1-A482-EAF3ED2CCC14}
	EndGlobalSection
EndGlobal
